
Microsoft Visual Studio Solution File, Format Version 12.00
# Visual Studio Version 17
VisualStudioVersion = 17.11.35327.3
MinimumVisualStudioVersion = 10.0.40219.1
Project("{FAE04EC0-301F-11D3-BF4B-00C04F79EFBC}") = "fivem-cm360-sensitivity-converter", "fivem-cm360-sensitivity-converter\fivem-cm360-sensitivity-converter.csproj", "{138327E6-D5FB-48F2-BB5C-E11DD56BF559}"
EndProject
Global
	GlobalSection(SolutionConfigurationPlatforms) = preSolution
		Debug|Any CPU = Debug|Any CPU
		Release|Any CPU = Release|Any CPU
	EndGlobalSection
	GlobalSection(ProjectConfigurationPlatforms) = postSolution
		{138327E6-D5FB-48F2-BB5C-E11DD56BF559}.Debug|Any CPU.ActiveCfg = Debug|Any CPU
		{138327E6-D5FB-48F2-BB5C-E11DD56BF559}.Debug|Any CPU.Build.0 = Debug|Any CPU
		{138327E6-D5FB-48F2-BB5C-E11DD56BF559}.Release|Any CPU.ActiveCfg = Release|Any CPU
		{138327E6-D5FB-48F2-BB5C-E11DD56BF559}.Release|Any CPU.Build.0 = Release|Any CPU
	EndGlobalSection
	GlobalSection(SolutionProperties) = preSolution
		HideSolutionNode = FALSE
	EndGlobalSection
	GlobalSection(ExtensibilityGlobals) = postSolution
		SolutionGuid = {BFA2CFEE-C765-4869-B898-3DC1DF28B1F3}
	EndGlobalSection
EndGlobal
